
Microsoft Visual Studio Solution File, Format Version 12.00
# Visual Studio Version 17
VisualStudioVersion = 17.3.32825.248
MinimumVisualStudioVersion = 10.0.40219.1
Project("{9A19103F-16F7-4668-BE54-9A1E7A4F7556}") = "Customer", "Customer\Customer.csproj", "{D2D924FF-A8A9-4DAB-9BA5-DE0A46C0F9B9}"
EndProject
Project("{9A19103F-16F7-4668-BE54-9A1E7A4F7556}") = "ProductCatalogue", "ProductCatalogue\ProductCatalogue.csproj", "{FECD9DD5-B392-4A0E-8D13-C6F67B03CA3F}"
EndProject
Project("{9A19103F-16F7-4668-BE54-9A1E7A4F7556}") = "Order", "Order\Order.csproj", "{F92C9134-00BB-457B-9E8A-CB2797AFB824}"
EndProject
Project("{9A19103F-16F7-4668-BE54-9A1E7A4F7556}") = "Payment", "Payment\Payment.csproj", "{0ACAB267-0318-469E-834D-8DC756662CCE}"
EndProject
Project("{FAE04EC0-301F-11D3-BF4B-00C04F79EFBC}") = "Shipping", "Shipping\Shipping.csproj", "{46D0A8D6-A586-4163-BDF3-7D0509DD325F}"
EndProject
Global
	GlobalSection(SolutionConfigurationPlatforms) = preSolution
		Debug|Any CPU = Debug|Any CPU
		Release|Any CPU = Release|Any CPU
	EndGlobalSection
	GlobalSection(ProjectConfigurationPlatforms) = postSolution
		{D2D924FF-A8A9-4DAB-9BA5-DE0A46C0F9B9}.Debug|Any CPU.ActiveCfg = Debug|Any CPU
		{D2D924FF-A8A9-4DAB-9BA5-DE0A46C0F9B9}.Debug|Any CPU.Build.0 = Debug|Any CPU
		{D2D924FF-A8A9-4DAB-9BA5-DE0A46C0F9B9}.Release|Any CPU.ActiveCfg = Release|Any CPU
		{D2D924FF-A8A9-4DAB-9BA5-DE0A46C0F9B9}.Release|Any CPU.Build.0 = Release|Any CPU
		{FECD9DD5-B392-4A0E-8D13-C6F67B03CA3F}.Debug|Any CPU.ActiveCfg = Debug|Any CPU
		{FECD9DD5-B392-4A0E-8D13-C6F67B03CA3F}.Debug|Any CPU.Build.0 = Debug|Any CPU
		{FECD9DD5-B392-4A0E-8D13-C6F67B03CA3F}.Release|Any CPU.ActiveCfg = Release|Any CPU
		{FECD9DD5-B392-4A0E-8D13-C6F67B03CA3F}.Release|Any CPU.Build.0 = Release|Any CPU
		{F92C9134-00BB-457B-9E8A-CB2797AFB824}.Debug|Any CPU.ActiveCfg = Debug|Any CPU
		{F92C9134-00BB-457B-9E8A-CB2797AFB824}.Debug|Any CPU.Build.0 = Debug|Any CPU
		{F92C9134-00BB-457B-9E8A-CB2797AFB824}.Release|Any CPU.ActiveCfg = Release|Any CPU
		{F92C9134-00BB-457B-9E8A-CB2797AFB824}.Release|Any CPU.Build.0 = Release|Any CPU
		{0ACAB267-0318-469E-834D-8DC756662CCE}.Debug|Any CPU.ActiveCfg = Debug|Any CPU
		{0ACAB267-0318-469E-834D-8DC756662CCE}.Debug|Any CPU.Build.0 = Debug|Any CPU
		{0ACAB267-0318-469E-834D-8DC756662CCE}.Release|Any CPU.ActiveCfg = Release|Any CPU
		{0ACAB267-0318-469E-834D-8DC756662CCE}.Release|Any CPU.Build.0 = Release|Any CPU
		{46D0A8D6-A586-4163-BDF3-7D0509DD325F}.Debug|Any CPU.ActiveCfg = Debug|Any CPU
		{46D0A8D6-A586-4163-BDF3-7D0509DD325F}.Debug|Any CPU.Build.0 = Debug|Any CPU
		{46D0A8D6-A586-4163-BDF3-7D0509DD325F}.Release|Any CPU.ActiveCfg = Release|Any CPU
		{46D0A8D6-A586-4163-BDF3-7D0509DD325F}.Release|Any CPU.Build.0 = Release|Any CPU
	EndGlobalSection
	GlobalSection(SolutionProperties) = preSolution
		HideSolutionNode = FALSE
	EndGlobalSection
	GlobalSection(ExtensibilityGlobals) = postSolution
		SolutionGuid = {D26B9F7B-6AD3-4CD1-AF89-5B042CE83B58}
	EndGlobalSection
EndGlobal
